
Microsoft Visual Studio Solution File, Format Version 12.00
# Visual Studio 15
VisualStudioVersion = 15.0.28307.1145
MinimumVisualStudioVersion = 10.0.40219.1
Project("{FAE04EC0-301F-11D3-BF4B-00C04F79EFBC}") = "Punish", "Punish\Punish.csproj", "{EF738B79-99A3-4A5E-919F-D5B392F5EFE2}"
EndProject
Global
	GlobalSection(SolutionConfigurationPlatforms) = preSolution
		Debug|Any CPU = Debug|Any CPU
		Release|Any CPU = Release|Any CPU
	EndGlobalSection
	GlobalSection(ProjectConfigurationPlatforms) = postSolution
		{EF738B79-99A3-4A5E-919F-D5B392F5EFE2}.Debug|Any CPU.ActiveCfg = Debug|Any CPU
		{EF738B79-99A3-4A5E-919F-D5B392F5EFE2}.Debug|Any CPU.Build.0 = Debug|Any CPU
		{EF738B79-99A3-4A5E-919F-D5B392F5EFE2}.Release|Any CPU.ActiveCfg = Release|Any CPU
		{EF738B79-99A3-4A5E-919F-D5B392F5EFE2}.Release|Any CPU.Build.0 = Release|Any CPU
	EndGlobalSection
	GlobalSection(SolutionProperties) = preSolution
		HideSolutionNode = FALSE
	EndGlobalSection
	GlobalSection(ExtensibilityGlobals) = postSolution
		SolutionGuid = {2F92C925-F7CE-4B70-8664-C5E860F85596}
	EndGlobalSection
EndGlobal
